
Microsoft Visual Studio Solution File, Format Version 12.00
# Visual Studio 15
VisualStudioVersion = 15.0.28010.2016
MinimumVisualStudioVersion = 10.0.40219.1
Project("{FAE04EC0-301F-11D3-BF4B-00C04F79EFBC}") = "BridgeProjectCrossingGuardApp", "BridgeProjectCrossingGuardApp\BridgeProjectCrossingGuardApp.csproj", "{9F64154A-1FE5-45F0-96EB-8BA1DD09DEB6}"
EndProject
Global
	GlobalSection(SolutionConfigurationPlatforms) = preSolution
		Debug|Any CPU = Debug|Any CPU
		Release|Any CPU = Release|Any CPU
	EndGlobalSection
	GlobalSection(ProjectConfigurationPlatforms) = postSolution
		{9F64154A-1FE5-45F0-96EB-8BA1DD09DEB6}.Debug|Any CPU.ActiveCfg = Debug|Any CPU
		{9F64154A-1FE5-45F0-96EB-8BA1DD09DEB6}.Debug|Any CPU.Build.0 = Debug|Any CPU
		{9F64154A-1FE5-45F0-96EB-8BA1DD09DEB6}.Release|Any CPU.ActiveCfg = Release|Any CPU
		{9F64154A-1FE5-45F0-96EB-8BA1DD09DEB6}.Release|Any CPU.Build.0 = Release|Any CPU
	EndGlobalSection
	GlobalSection(SolutionProperties) = preSolution
		HideSolutionNode = FALSE
	EndGlobalSection
	GlobalSection(ExtensibilityGlobals) = postSolution
		SolutionGuid = {E350DE8E-25F8-4F3A-8449-F20A2E89C66B}
	EndGlobalSection
EndGlobal
